
Microsoft Visual Studio Solution File, Format Version 12.00
# Visual Studio 15
VisualStudioVersion = 15.0.28307.1209
MinimumVisualStudioVersion = 10.0.40219.1
Project("{FAE04EC0-301F-11D3-BF4B-00C04F79EFBC}") = "Practica7Unidad2", "Practica7Unidad2\Practica7Unidad2.csproj", "{DCBA235D-8535-42C8-9A86-8264E2FE87B3}"
EndProject
Global
	GlobalSection(SolutionConfigurationPlatforms) = preSolution
		Debug|Any CPU = Debug|Any CPU
		Release|Any CPU = Release|Any CPU
	EndGlobalSection
	GlobalSection(ProjectConfigurationPlatforms) = postSolution
		{DCBA235D-8535-42C8-9A86-8264E2FE87B3}.Debug|Any CPU.ActiveCfg = Debug|Any CPU
		{DCBA235D-8535-42C8-9A86-8264E2FE87B3}.Debug|Any CPU.Build.0 = Debug|Any CPU
		{DCBA235D-8535-42C8-9A86-8264E2FE87B3}.Release|Any CPU.ActiveCfg = Release|Any CPU
		{DCBA235D-8535-42C8-9A86-8264E2FE87B3}.Release|Any CPU.Build.0 = Release|Any CPU
	EndGlobalSection
	GlobalSection(SolutionProperties) = preSolution
		HideSolutionNode = FALSE
	EndGlobalSection
	GlobalSection(ExtensibilityGlobals) = postSolution
		SolutionGuid = {E4F9870F-BA64-4F91-8827-9CBE9AC87A6C}
	EndGlobalSection
EndGlobal
